{
  "name": "asp.net",
  "version": "1.0.0",
  "lockfileVersion": 1,
  "requires": true,
  "dependencies": {
    "jquery": {
      "version": "3.6.4",
      "resolved": "https://registry.npmjs.org/jquery/-/jquery-3.6.4.tgz",
      "integrity": "sha512-v28EW9DWDFpzcD9O5iyJXg3R3+q+mET5JhnjJzQUZMHOv67bpSIHq81GEYpPNZHG+XXHsfSme3nxp/hndKEcsQ==",
      "dev": true
    },
    "kendo-ui-core": {
      "version": "2023.1.314",
      "resolved": "https://registry.npmjs.org/kendo-ui-core/-/kendo-ui-core-2023.1.314.tgz",
      "integrity": "sha512-HUkKxTvQN/nCtQtXLxpA14rjWcDItbYegN5qDQD+L+ufA6YZJ8Iyotbt6nTIHv/cdbaY7g5Qjvx+EsuETKbkWw==",
      "dev": true,
      "requires": {
        "jquery": "1.10.0 - 3.6"
      }
    }
  }
}
