
Microsoft Visual Studio Solution File, Format Version 12.00
# Visual Studio 15
VisualStudioVersion = 15.0.28307.168
MinimumVisualStudioVersion = 10.0.40219.1
Project("{FAE04EC0-301F-11D3-BF4B-00C04F79EFBC}") = "ReksaQuery", "ReksaQuery\ReksaQuery.csproj", "{914E37B0-718D-4DB3-B42C-CDEC1095E22C}"
EndProject
Global
	GlobalSection(SolutionConfigurationPlatforms) = preSolution
		Debug|Any CPU = Debug|Any CPU
		Release|Any CPU = Release|Any CPU
	EndGlobalSection
	GlobalSection(ProjectConfigurationPlatforms) = postSolution
		{914E37B0-718D-4DB3-B42C-CDEC1095E22C}.Debug|Any CPU.ActiveCfg = Debug|Any CPU
		{914E37B0-718D-4DB3-B42C-CDEC1095E22C}.Debug|Any CPU.Build.0 = Debug|Any CPU
		{914E37B0-718D-4DB3-B42C-CDEC1095E22C}.Release|Any CPU.ActiveCfg = Release|Any CPU
		{914E37B0-718D-4DB3-B42C-CDEC1095E22C}.Release|Any CPU.Build.0 = Release|Any CPU
	EndGlobalSection
	GlobalSection(SolutionProperties) = preSolution
		HideSolutionNode = FALSE
	EndGlobalSection
	GlobalSection(ExtensibilityGlobals) = postSolution
		SolutionGuid = {5301B1E2-4049-4CB7-AFA4-27B2BB7ECCAC}
	EndGlobalSection
EndGlobal
